{
    "name": "linter-wordusage",
    "version": "2.0.0",
    "lockfileVersion": 1,
    "dependencies": {
        "ansi-regex": {
            "version": "https://registry.npmjs.org/ansi-regex/-/ansi-regex-2.1.1.tgz",
            "integrity": "sha1-w7M6te42DYbg5ijwRorn7yfWVN8="
        },
        "ansi-styles": {
            "version": "https://registry.npmjs.org/ansi-styles/-/ansi-styles-2.2.1.tgz",
            "integrity": "sha1-tDLdM1i2NM914eRmQ2gkBTPB3b4="
        },
        "array-iterate": {
            "version": "https://registry.npmjs.org/array-iterate/-/array-iterate-1.1.0.tgz",
            "integrity": "sha1-TxMUj//6XydWtQRg5erI7tMaFOY="
        },
        "atom-package-deps": {
            "version": "https://registry.npmjs.org/atom-package-deps/-/atom-package-deps-4.6.0.tgz",
            "integrity": "sha1-u4PwqXZWO0i+TquJ58hjHD7shI0="
        },
        "atom-package-path": {
            "version": "https://registry.npmjs.org/atom-package-path/-/atom-package-path-1.1.0.tgz",
            "integrity": "sha1-tR/tvADnyM5SI9DYA9t6P09pYU8="
        },
        "bail": {
            "version": "https://registry.npmjs.org/bail/-/bail-1.0.1.tgz",
            "integrity": "sha1-kSV53os5Gq3zxf30zSoPwiXfO8I="
        },
        "balanced-match": {
            "version": "https://registry.npmjs.org/balanced-match/-/balanced-match-0.4.2.tgz",
            "integrity": "sha1-yz8+PHMtwPAe5wtAPzAuYddwmDg="
        },
        "brace-expansion": {
            "version": "https://registry.npmjs.org/brace-expansion/-/brace-expansion-1.1.7.tgz",
            "integrity": "sha1-Pv/DxQ4ABTH7cg6v+A8K6O8jz1k="
        },
        "chalk": {
            "version": "https://registry.npmjs.org/chalk/-/chalk-1.1.3.tgz",
            "integrity": "sha1-qBFcVeSnAv5NFQq9OHKCKn4J/Jg="
        },
        "code-point-at": {
            "version": "https://registry.npmjs.org/code-point-at/-/code-point-at-1.1.0.tgz",
            "integrity": "sha1-DQcLTQQ6W+ozovGkDi7bPZpMz3c="
        },
        "concat-map": {
            "version": "https://registry.npmjs.org/concat-map/-/concat-map-0.0.1.tgz",
            "integrity": "sha1-2Klr13/Wjfd5OnMDajug1UBdR3s="
        },
        "consistent-env": {
            "version": "https://registry.npmjs.org/consistent-env/-/consistent-env-1.3.0.tgz",
            "integrity": "sha1-hzcwSxgDoYqZjGB1x6CQcaHKkm8="
        },
        "escape-string-regexp": {
            "version": "https://registry.npmjs.org/escape-string-regexp/-/escape-string-regexp-1.0.5.tgz",
            "integrity": "sha1-G2HAViGQqN/2rjuyzwIAyhMLhtQ="
        },
        "extend": {
            "version": "https://registry.npmjs.org/extend/-/extend-3.0.0.tgz",
            "integrity": "sha1-WkdDU7nzNT3dgXbf03uRyDpG8dQ="
        },
        "function-bind": {
            "version": "https://registry.npmjs.org/function-bind/-/function-bind-1.1.0.tgz",
            "integrity": "sha1-FhdnFMgBeY5Ojyz391KUZ7tKV3E="
        },
        "has": {
            "version": "https://registry.npmjs.org/has/-/has-1.0.1.tgz",
            "integrity": "sha1-hGFzP1OLCDfJNh45qauelwTcLyg="
        },
        "has-ansi": {
            "version": "https://registry.npmjs.org/has-ansi/-/has-ansi-2.0.0.tgz",
            "integrity": "sha1-NPUEnOHs3ysGSa8+8k5F7TVBbZE="
        },
        "inherits": {
            "version": "https://registry.npmjs.org/inherits/-/inherits-2.0.3.tgz",
            "integrity": "sha1-Yzwsg+PaQqUC9SRmAiSA9CCCYd4="
        },
        "irregular-plurals": {
            "version": "https://registry.npmjs.org/irregular-plurals/-/irregular-plurals-1.2.0.tgz",
            "integrity": "sha1-OPKZg0uowAwwvpxVThNyaXUv86w="
        },
        "is-buffer": {
            "version": "https://registry.npmjs.org/is-buffer/-/is-buffer-1.1.5.tgz",
            "integrity": "sha1-Hzsm72E7IUuIy8ojzGwB2Hlh7sw="
        },
        "is-fullwidth-code-point": {
            "version": "https://registry.npmjs.org/is-fullwidth-code-point/-/is-fullwidth-code-point-1.0.0.tgz",
            "integrity": "sha1-754xOG8DGn8NZDr4L95QxFfvAMs="
        },
        "is-plain-obj": {
            "version": "https://registry.npmjs.org/is-plain-obj/-/is-plain-obj-1.1.0.tgz",
            "integrity": "sha1-caUMhCnfync8kqOQpKA7OfzVHT4="
        },
        "is-utf8": {
            "version": "https://registry.npmjs.org/is-utf8/-/is-utf8-0.2.1.tgz",
            "integrity": "sha1-Sw2hRCEE0bM2NA6AeX6GXPOffXI="
        },
        "isarray": {
            "version": "https://registry.npmjs.org/isarray/-/isarray-2.0.1.tgz",
            "integrity": "sha1-o32U7ZzaLVmGXJ92/llu4fM4dB4="
        },
        "lodash.difference": {
            "version": "https://registry.npmjs.org/lodash.difference/-/lodash.difference-4.5.0.tgz",
            "integrity": "sha1-nMtOUF1Ia5FlE0V3KIWi3yf9AXw="
        },
        "lodash.uniq": {
            "version": "https://registry.npmjs.org/lodash.uniq/-/lodash.uniq-4.5.0.tgz",
            "integrity": "sha1-0CJTc662Uq3BvILklFM5qEJ1R3M="
        },
        "log-symbols": {
            "version": "https://registry.npmjs.org/log-symbols/-/log-symbols-1.0.2.tgz",
            "integrity": "sha1-N2/3tY6jCGoPCfrMdGF+ylAeGhg="
        },
        "minimatch": {
            "version": "https://registry.npmjs.org/minimatch/-/minimatch-3.0.3.tgz",
            "integrity": "sha1-Kk5AkLlrLbBqnX3wEFWmKnfJt3Q="
        },
        "nlcst-is-literal": {
            "version": "https://registry.npmjs.org/nlcst-is-literal/-/nlcst-is-literal-1.1.0.tgz",
            "integrity": "sha1-16RCszPPdEoAqUbGN+3PCKLX2tU="
        },
        "nlcst-normalize": {
            "version": "https://registry.npmjs.org/nlcst-normalize/-/nlcst-normalize-2.1.0.tgz",
            "integrity": "sha1-SJHIaem8dp5gQ5LbVWoIH0jRWJY="
        },
        "nlcst-search": {
            "version": "https://registry.npmjs.org/nlcst-search/-/nlcst-search-1.4.0.tgz",
            "integrity": "sha1-xrDqkEQIHZT7qcTYqOf3TaqGhVk="
        },
        "nlcst-to-string": {
            "version": "https://registry.npmjs.org/nlcst-to-string/-/nlcst-to-string-2.0.0.tgz",
            "integrity": "sha1-/JYGuMMtF8qoJwdPbqRPg+PHvXE="
        },
        "number-is-nan": {
            "version": "https://registry.npmjs.org/number-is-nan/-/number-is-nan-1.0.1.tgz",
            "integrity": "sha1-CXtgK1NCKlIsGvuHkDGDNpQaAR0="
        },
        "object-keys": {
            "version": "https://registry.npmjs.org/object-keys/-/object-keys-1.0.11.tgz",
            "integrity": "sha1-xUYBd4rVYPEULODgG8yotW0TQm0="
        },
        "parse-english": {
            "version": "https://registry.npmjs.org/parse-english/-/parse-english-4.0.0.tgz",
            "integrity": "sha1-nCAbBkpQ5Y9gTnpMHj7Ijrp8s3o="
        },
        "parse-latin": {
            "version": "https://registry.npmjs.org/parse-latin/-/parse-latin-4.0.1.tgz",
            "integrity": "sha1-TMHK3/WbB3j6B4mf9DxrU/yxfIw="
        },
        "plur": {
            "version": "https://registry.npmjs.org/plur/-/plur-2.1.2.tgz",
            "integrity": "sha1-dIJFLBoPUI4+NE6uwxLJHCncZVo="
        },
        "quotation": {
            "version": "https://registry.npmjs.org/quotation/-/quotation-1.1.0.tgz",
            "integrity": "sha1-P5ybLneAhW8nxQFb7GKNaQ6Cxw0="
        },
        "repeat-string": {
            "version": "https://registry.npmjs.org/repeat-string/-/repeat-string-1.6.1.tgz",
            "integrity": "sha1-jcrkcOHIirwtYA//Sndihtp15jc="
        },
        "replace-ext": {
            "version": "https://registry.npmjs.org/replace-ext/-/replace-ext-1.0.0.tgz",
            "integrity": "sha1-3mMSg3P8v3w8z6TeWkgMRaZ5WOs="
        },
        "retext": {
            "version": "https://registry.npmjs.org/retext/-/retext-5.0.0.tgz",
            "integrity": "sha1-XZAYxKZ31hA8FCNi129Q6x05i/Y="
        },
        "retext-english": {
            "version": "https://registry.npmjs.org/retext-english/-/retext-english-3.0.0.tgz",
            "integrity": "sha1-wXy1a9Xxuj3uM1XdurefHEiUqAk="
        },
        "retext-latin": {
            "version": "https://registry.npmjs.org/retext-latin/-/retext-latin-2.0.0.tgz",
            "integrity": "sha1-sRvWyukRP6YpMCKkUnzXByIaxLY="
        },
        "retext-stringify": {
            "version": "https://registry.npmjs.org/retext-stringify/-/retext-stringify-2.0.0.tgz",
            "integrity": "sha1-ACOPrMVJH1vNxYlwOkZY2y5UQVs="
        },
        "sb-callsite": {
            "version": "https://registry.npmjs.org/sb-callsite/-/sb-callsite-1.1.2.tgz",
            "integrity": "sha1-KBkftm1k46PukghKlakPy1ECJDs="
        },
        "sb-exec": {
            "version": "https://registry.npmjs.org/sb-exec/-/sb-exec-3.1.0.tgz",
            "integrity": "sha1-NMxlCIoRZ1Lrcg/d7/ZtLC6V7FE="
        },
        "sb-fs": {
            "version": "https://registry.npmjs.org/sb-fs/-/sb-fs-3.0.0.tgz",
            "integrity": "sha1-+9zdMBDoChuOJ0kM7zNgZJdCA7g="
        },
        "sb-memoize": {
            "version": "https://registry.npmjs.org/sb-memoize/-/sb-memoize-1.0.2.tgz",
            "integrity": "sha1-EoN1xi3bnMT/qQXQxaWXwZuurY4="
        },
        "sb-npm-path": {
            "version": "https://registry.npmjs.org/sb-npm-path/-/sb-npm-path-2.0.0.tgz",
            "integrity": "sha1-D2zCzzcd68p9k27Xa31MPMHrPVg="
        },
        "sb-promisify": {
            "version": "https://registry.npmjs.org/sb-promisify/-/sb-promisify-2.0.1.tgz",
            "integrity": "sha1-hsbLTheAybOMb75+eHP4q5Z3zio="
        },
        "semver": {
            "version": "https://registry.npmjs.org/semver/-/semver-5.3.0.tgz",
            "integrity": "sha1-myzl094C0XxgEq0yaqa00M9U+U8="
        },
        "string-width": {
            "version": "https://registry.npmjs.org/string-width/-/string-width-1.0.2.tgz",
            "integrity": "sha1-EYvfW4zcUaKn5w0hHgfisLmxB9M="
        },
        "strip-ansi": {
            "version": "https://registry.npmjs.org/strip-ansi/-/strip-ansi-3.0.1.tgz",
            "integrity": "sha1-ajhfuIU9lS1f8F0Oiq+UJ43GPc8="
        },
        "strip-bom-buf": {
            "version": "https://registry.npmjs.org/strip-bom-buf/-/strip-bom-buf-1.0.0.tgz",
            "integrity": "sha1-HLRar1dTD0yvhsf3UXnSyaUd1XI="
        },
        "supports-color": {
            "version": "https://registry.npmjs.org/supports-color/-/supports-color-2.0.0.tgz",
            "integrity": "sha1-U10EXOa2Nj+kARcIRimZXp3zJMc="
        },
        "trim": {
            "version": "https://registry.npmjs.org/trim/-/trim-0.0.1.tgz",
            "integrity": "sha1-WFhUf2spB1fulczMZm+1AITEYN0="
        },
        "trough": {
            "version": "https://registry.npmjs.org/trough/-/trough-1.0.0.tgz",
            "integrity": "sha1-a97f5/KqSabzxDIldodVWVfzQv0="
        },
        "unherit": {
            "version": "https://registry.npmjs.org/unherit/-/unherit-1.1.0.tgz",
            "integrity": "sha1-a5qu379z3xdWrZ4xbdmBiFhAzX0="
        },
        "unified": {
            "version": "https://registry.npmjs.org/unified/-/unified-6.1.2.tgz",
            "integrity": "sha1-s5BMMlT/vqf/bYBsXVtiSIOM7LY="
        },
        "unist-util-find-after": {
            "version": "https://registry.npmjs.org/unist-util-find-after/-/unist-util-find-after-2.0.0.tgz",
            "integrity": "sha1-I1v90R4QgJ9IA1/1mNhiTq/N7GE="
        },
        "unist-util-find-before": {
            "version": "https://registry.npmjs.org/unist-util-find-before/-/unist-util-find-before-2.0.0.tgz",
            "integrity": "sha1-wKM83vTcaOUorUcFFnBO8kGH1S8="
        },
        "unist-util-is": {
            "version": "https://registry.npmjs.org/unist-util-is/-/unist-util-is-2.0.0.tgz",
            "integrity": "sha1-5TZHLE94c54WTQhZ/DIBuXz0bnw="
        },
        "unist-util-modify-children": {
            "version": "https://registry.npmjs.org/unist-util-modify-children/-/unist-util-modify-children-1.1.0.tgz",
            "integrity": "sha1-VZIDroXXp2KDJ3vhq/uvWVoXfq0="
        },
        "unist-util-position": {
            "version": "https://registry.npmjs.org/unist-util-position/-/unist-util-position-3.0.0.tgz",
            "integrity": "sha1-5uHgPu64HF4a/lU+jUrfvXwNj4I="
        },
        "unist-util-stringify-position": {
            "version": "https://registry.npmjs.org/unist-util-stringify-position/-/unist-util-stringify-position-1.1.0.tgz",
            "integrity": "sha1-6Lqda2r4kbX4M2s6McY6nchcKvA="
        },
        "unist-util-visit": {
            "version": "https://registry.npmjs.org/unist-util-visit/-/unist-util-visit-1.1.1.tgz",
            "integrity": "sha1-6RejsTdlizNctEIMfaLnTZKOTpQ="
        },
        "unist-util-visit-children": {
            "version": "https://registry.npmjs.org/unist-util-visit-children/-/unist-util-visit-children-1.1.0.tgz",
            "integrity": "sha1-vxzXvjwKTv0D2Eoi3Q7n2wBaP2s="
        },
        "vfile": {
            "version": "https://registry.npmjs.org/vfile/-/vfile-2.0.1.tgz",
            "integrity": "sha1-vUjmjoojIt/w0WKjf0XnDZuzBGY="
        },
        "vfile-reporter": {
            "version": "https://registry.npmjs.org/vfile-reporter/-/vfile-reporter-3.0.0.tgz",
            "integrity": "sha1-/lBxTjc+DSlAUQA4qZvWCb3IIJ8="
        },
        "vfile-sort": {
            "version": "https://registry.npmjs.org/vfile-sort/-/vfile-sort-2.0.0.tgz",
            "integrity": "sha1-cnlFjREam6Oxjv/Z+KAWm7fFESs="
        },
        "x-is-function": {
            "version": "https://registry.npmjs.org/x-is-function/-/x-is-function-1.0.4.tgz",
            "integrity": "sha1-XSlNw9Joy90GJYDgxd93o5HR+h4="
        },
        "x-is-string": {
            "version": "https://registry.npmjs.org/x-is-string/-/x-is-string-0.1.0.tgz",
            "integrity": "sha1-R0tQhlrzpJqcRlfwWs0UVFj3fYI="
        },
        "xtend": {
            "version": "https://registry.npmjs.org/xtend/-/xtend-4.0.1.tgz",
            "integrity": "sha1-pcbVMr5lbiPbgg77lDofBJmNY68="
        }
    }
}
